
Microsoft Visual Studio Solution File, Format Version 11.00
# Visual Studio 2010
Project("{E24C65DC-7377-472B-9ABA-BC803B73C61A}") = "deshler_lanes", "..\..\..\GitHub\deshler_lanes\", "{6A68A8CB-D45A-4113-BD96-9E0CC5E870DC}"
	ProjectSection(WebsiteProperties) = preProject
		TargetFrameworkMoniker = ".NETFramework,Version%3Dv4.0"
		Debug.AspNetCompiler.VirtualPath = "/deshler_lanes"
		Debug.AspNetCompiler.PhysicalPath = "..\..\..\GitHub\deshler_lanes\"
		Debug.AspNetCompiler.TargetPath = "PrecompiledWeb\deshler_lanes\"
		Debug.AspNetCompiler.Updateable = "true"
		Debug.AspNetCompiler.ForceOverwrite = "true"
		Debug.AspNetCompiler.FixedNames = "false"
		Debug.AspNetCompiler.Debug = "True"
		Release.AspNetCompiler.VirtualPath = "/deshler_lanes"
		Release.AspNetCompiler.PhysicalPath = "..\..\..\GitHub\deshler_lanes\"
		Release.AspNetCompiler.TargetPath = "PrecompiledWeb\deshler_lanes\"
		Release.AspNetCompiler.Updateable = "true"
		Release.AspNetCompiler.ForceOverwrite = "true"
		Release.AspNetCompiler.FixedNames = "false"
		Release.AspNetCompiler.Debug = "False"
		VWDPort = "54561"
		DefaultWebSiteLanguage = "Visual C#"
	EndProjectSection
EndProject
Global
	GlobalSection(SolutionConfigurationPlatforms) = preSolution
		Debug|Any CPU = Debug|Any CPU
	EndGlobalSection
	GlobalSection(ProjectConfigurationPlatforms) = postSolution
		{6A68A8CB-D45A-4113-BD96-9E0CC5E870DC}.Debug|Any CPU.ActiveCfg = Debug|Any CPU
		{6A68A8CB-D45A-4113-BD96-9E0CC5E870DC}.Debug|Any CPU.Build.0 = Debug|Any CPU
	EndGlobalSection
	GlobalSection(SolutionProperties) = preSolution
		HideSolutionNode = FALSE
	EndGlobalSection
EndGlobal
